
Microsoft Visual Studio Solution File, Format Version 12.00
# Visual Studio Version 16
VisualStudioVersion = 16.0.31702.278
MinimumVisualStudioVersion = 10.0.40219.1
Project("{FAE04EC0-301F-11D3-BF4B-00C04F79EFBC}") = "Form", "Form\Form.csproj", "{CC5CC3F5-5C44-4A89-B83B-53E5BCE0579C}"
EndProject
Global
	GlobalSection(SolutionConfigurationPlatforms) = preSolution
		Debug|Any CPU = Debug|Any CPU
		Release|Any CPU = Release|Any CPU
	EndGlobalSection
	GlobalSection(ProjectConfigurationPlatforms) = postSolution
		{CC5CC3F5-5C44-4A89-B83B-53E5BCE0579C}.Debug|Any CPU.ActiveCfg = Debug|Any CPU
		{CC5CC3F5-5C44-4A89-B83B-53E5BCE0579C}.Debug|Any CPU.Build.0 = Debug|Any CPU
		{CC5CC3F5-5C44-4A89-B83B-53E5BCE0579C}.Release|Any CPU.ActiveCfg = Release|Any CPU
		{CC5CC3F5-5C44-4A89-B83B-53E5BCE0579C}.Release|Any CPU.Build.0 = Release|Any CPU
	EndGlobalSection
	GlobalSection(SolutionProperties) = preSolution
		HideSolutionNode = FALSE
	EndGlobalSection
	GlobalSection(ExtensibilityGlobals) = postSolution
		SolutionGuid = {14ED83A2-A4BB-4703-A507-26BF8E9C2E4F}
	EndGlobalSection
EndGlobal
